
Microsoft Visual Studio Solution File, Format Version 12.00
# Visual Studio Version 17
VisualStudioVersion = 17.5.33516.290
MinimumVisualStudioVersion = 10.0.40219.1
Project("{FAE04EC0-301F-11D3-BF4B-00C04F79EFBC}") = "Convex Hull", "Convex Hull\Convex Hull.csproj", "{D9152B03-8B9C-4F6C-84FF-5D4177854606}"
EndProject
Global
	GlobalSection(SolutionConfigurationPlatforms) = preSolution
		Debug|Any CPU = Debug|Any CPU
		Release|Any CPU = Release|Any CPU
	EndGlobalSection
	GlobalSection(ProjectConfigurationPlatforms) = postSolution
		{D9152B03-8B9C-4F6C-84FF-5D4177854606}.Debug|Any CPU.ActiveCfg = Debug|Any CPU
		{D9152B03-8B9C-4F6C-84FF-5D4177854606}.Debug|Any CPU.Build.0 = Debug|Any CPU
		{D9152B03-8B9C-4F6C-84FF-5D4177854606}.Release|Any CPU.ActiveCfg = Release|Any CPU
		{D9152B03-8B9C-4F6C-84FF-5D4177854606}.Release|Any CPU.Build.0 = Release|Any CPU
	EndGlobalSection
	GlobalSection(SolutionProperties) = preSolution
		HideSolutionNode = FALSE
	EndGlobalSection
	GlobalSection(ExtensibilityGlobals) = postSolution
		SolutionGuid = {3312AEA1-975C-45BA-AFF0-9DBE774D8007}
	EndGlobalSection
EndGlobal
